{
  "version": 4,
  "terraform_version": "1.13.4",
  "serial": 10,
  "lineage": "848e1327-43b3-0d79-9561-d4ef3297d258",
  "outputs": {
    "current_account": {
      "value": "795090432220",
      "type": "string"
    },
    "current_arn": {
      "value": "arn:aws:iam::795090432220:user/ykoba",
      "type": "string"
    },
    "main_knowledge_bucket_arn": {
      "value": "arn:aws:s3:::knowledge-chatbot-dev",
      "type": "string"
    },
    "main_knowledge_bucket_name": {
      "value": "knowledge-chatbot-dev",
      "type": "string"
    }
  },
  "resources": [
    {
      "mode": "data",
      "type": "aws_caller_identity",
      "name": "me",
      "provider": "provider[\"registry.terraform.io/hashicorp/aws\"]",
      "instances": [
        {
          "schema_version": 0,
          "attributes": {
            "account_id": "795090432220",
            "arn": "arn:aws:iam::795090432220:user/ykoba",
            "id": "795090432220",
            "user_id": "AIDA3SHYVGDOJY2AGXP6O"
          },
          "sensitive_attributes": [],
          "identity_schema_version": 0
        }
      ]
    },
    {
      "module": "module.opensearch_serverless",
      "mode": "managed",
      "type": "aws_opensearchserverless_security_policy",
      "name": "encryption",
      "provider": "provider[\"registry.terraform.io/hashicorp/aws\"]",
      "instances": [
        {
          "schema_version": 0,
          "attributes": {
            "description": null,
            "id": "knowledge-oss-encryption",
            "name": "knowledge-oss-encryption",
            "policy": "{\"AWSOwnedKey\":true,\"Rules\":[{\"Resource\":[\"collection/knowledge-dev\"],\"ResourceType\":\"collection\"}]}",
            "policy_version": "MTc2MDk0NDA0NTQwNV8x",
            "region": "ap-northeast-1",
            "type": "encryption"
          },
          "sensitive_attributes": [],
          "identity_schema_version": 0
        }
      ]
    },
    {
      "module": "module.opensearch_serverless",
      "mode": "managed",
      "type": "aws_opensearchserverless_security_policy",
      "name": "network",
      "provider": "provider[\"registry.terraform.io/hashicorp/aws\"]",
      "instances": [
        {
          "schema_version": 0,
          "attributes": {
            "description": null,
            "id": "knowledge-oss-network",
            "name": "knowledge-oss-network",
            "policy": "[{\"AllowFromPublic\":true,\"Description\":\"PoC: allow public access to the collection\",\"Rules\":[{\"Resource\":[\"collection/knowledge-dev\"],\"ResourceType\":\"collection\"}]}]",
            "policy_version": "MTc2MDk0NDA0NTM5Nl8x",
            "region": "ap-northeast-1",
            "type": "network"
          },
          "sensitive_attributes": [],
          "identity_schema_version": 0
        }
      ]
    },
    {
      "module": "module.s3_knowledge",
      "mode": "managed",
      "type": "aws_s3_bucket",
      "name": "main",
      "provider": "provider[\"registry.terraform.io/hashicorp/aws\"]",
      "instances": [
        {
          "schema_version": 0,
          "attributes": {
            "acceleration_status": "",
            "acl": null,
            "arn": "arn:aws:s3:::knowledge-chatbot-dev",
            "bucket": "knowledge-chatbot-dev",
            "bucket_domain_name": "knowledge-chatbot-dev.s3.amazonaws.com",
            "bucket_prefix": "",
            "bucket_region": "ap-northeast-1",
            "bucket_regional_domain_name": "knowledge-chatbot-dev.s3.ap-northeast-1.amazonaws.com",
            "cors_rule": [],
            "force_destroy": false,
            "grant": [
              {
                "id": "93c32ec345e1dd2bc30059333413281da2d98f05ebdafd978f800d46fa503f0d",
                "permissions": [
                  "FULL_CONTROL"
                ],
                "type": "CanonicalUser",
                "uri": ""
              }
            ],
            "hosted_zone_id": "Z2M4EHUR26P7ZW",
            "id": "knowledge-chatbot-dev",
            "lifecycle_rule": [],
            "logging": [],
            "object_lock_configuration": [],
            "object_lock_enabled": false,
            "policy": "",
            "region": "ap-northeast-1",
            "replication_configuration": [],
            "request_payer": "BucketOwner",
            "server_side_encryption_configuration": [
              {
                "rule": [
                  {
                    "apply_server_side_encryption_by_default": [
                      {
                        "kms_master_key_id": "",
                        "sse_algorithm": "AES256"
                      }
                    ],
                    "bucket_key_enabled": false
                  }
                ]
              }
            ],
            "tags": {},
            "tags_all": {},
            "timeouts": null,
            "versioning": [
              {
                "enabled": true,
                "mfa_delete": false
              }
            ],
            "website": [],
            "website_domain": null,
            "website_endpoint": null
          },
          "sensitive_attributes": [],
          "identity_schema_version": 0,
          "identity": {
            "account_id": "795090432220",
            "bucket": "knowledge-chatbot-dev",
            "region": "ap-northeast-1"
          },
          "private": "eyJlMmJmYjczMC1lY2FhLTExZTYtOGY4OC0zNDM2M2JjN2M0YzAiOnsiY3JlYXRlIjoxMjAwMDAwMDAwMDAwLCJkZWxldGUiOjM2MDAwMDAwMDAwMDAsInJlYWQiOjEyMDAwMDAwMDAwMDAsInVwZGF0ZSI6MTIwMDAwMDAwMDAwMH19"
        }
      ]
    },
    {
      "module": "module.s3_knowledge",
      "mode": "managed",
      "type": "aws_s3_bucket_public_access_block",
      "name": "main",
      "provider": "provider[\"registry.terraform.io/hashicorp/aws\"]",
      "instances": [
        {
          "schema_version": 0,
          "attributes": {
            "block_public_acls": true,
            "block_public_policy": true,
            "bucket": "knowledge-chatbot-dev",
            "id": "knowledge-chatbot-dev",
            "ignore_public_acls": true,
            "region": "ap-northeast-1",
            "restrict_public_buckets": true,
            "skip_destroy": null
          },
          "sensitive_attributes": [],
          "identity_schema_version": 0,
          "identity": {
            "account_id": "795090432220",
            "bucket": "knowledge-chatbot-dev",
            "region": "ap-northeast-1"
          },
          "private": "bnVsbA==",
          "dependencies": [
            "module.s3_knowledge.aws_s3_bucket.main"
          ]
        }
      ]
    },
    {
      "module": "module.s3_knowledge",
      "mode": "managed",
      "type": "aws_s3_bucket_server_side_encryption_configuration",
      "name": "main",
      "provider": "provider[\"registry.terraform.io/hashicorp/aws\"]",
      "instances": [
        {
          "schema_version": 0,
          "attributes": {
            "bucket": "knowledge-chatbot-dev",
            "expected_bucket_owner": "",
            "id": "knowledge-chatbot-dev",
            "region": "ap-northeast-1",
            "rule": [
              {
                "apply_server_side_encryption_by_default": [
                  {
                    "kms_master_key_id": "",
                    "sse_algorithm": "AES256"
                  }
                ],
                "bucket_key_enabled": false
              }
            ]
          },
          "sensitive_attributes": [],
          "identity_schema_version": 0,
          "identity": {
            "account_id": "795090432220",
            "bucket": "knowledge-chatbot-dev",
            "expected_bucket_owner": null,
            "region": "ap-northeast-1"
          },
          "private": "bnVsbA==",
          "dependencies": [
            "module.s3_knowledge.aws_s3_bucket.main"
          ]
        }
      ]
    },
    {
      "module": "module.s3_knowledge",
      "mode": "managed",
      "type": "aws_s3_bucket_versioning",
      "name": "main",
      "provider": "provider[\"registry.terraform.io/hashicorp/aws\"]",
      "instances": [
        {
          "schema_version": 0,
          "attributes": {
            "bucket": "knowledge-chatbot-dev",
            "expected_bucket_owner": "",
            "id": "knowledge-chatbot-dev",
            "mfa": null,
            "region": "ap-northeast-1",
            "versioning_configuration": [
              {
                "mfa_delete": "",
                "status": "Enabled"
              }
            ]
          },
          "sensitive_attributes": [],
          "identity_schema_version": 0,
          "identity": {
            "account_id": "795090432220",
            "bucket": "knowledge-chatbot-dev",
            "expected_bucket_owner": null,
            "region": "ap-northeast-1"
          },
          "private": "bnVsbA==",
          "dependencies": [
            "module.s3_knowledge.aws_s3_bucket.main"
          ]
        }
      ]
    }
  ],
  "check_results": null
}
