{
  "version": 4,
  "terraform_version": "1.13.4",
  "serial": 85,
  "lineage": "848e1327-43b3-0d79-9561-d4ef3297d258",
  "outputs": {
    "current_account": {
      "value": "795090432220",
      "type": "string"
    },
    "current_arn": {
      "value": "arn:aws:iam::795090432220:user/ykoba",
      "type": "string"
    },
    "main_knowledge_bucket_arn": {
      "value": "arn:aws:s3:::knowledge-chatbot-dev",
      "type": "string"
    },
    "main_knowledge_bucket_name": {
      "value": "knowledge-chatbot-dev",
      "type": "string"
    }
  },
  "resources": [
    {
      "mode": "data",
      "type": "aws_caller_identity",
      "name": "me",
      "provider": "provider[\"registry.terraform.io/hashicorp/aws\"]",
      "instances": [
        {
          "schema_version": 0,
          "attributes": {
            "account_id": "795090432220",
            "arn": "arn:aws:iam::795090432220:user/ykoba",
            "id": "795090432220",
            "user_id": "AIDA3SHYVGDOJY2AGXP6O"
          },
          "sensitive_attributes": [],
          "identity_schema_version": 0
        }
      ]
    },
    {
      "module": "module.bedrock_knowledge_base",
      "mode": "managed",
      "type": "aws_bedrockagent_data_source",
      "name": "s3",
      "provider": "provider[\"registry.terraform.io/hashicorp/aws\"]",
      "instances": [
        {
          "schema_version": 0,
          "attributes": {
            "data_deletion_policy": "DELETE",
            "data_source_configuration": [
              {
                "confluence_configuration": [],
                "s3_configuration": [
                  {
                    "bucket_arn": "arn:aws:s3:::knowledge-chatbot-dev",
                    "bucket_owner_account_id": null,
                    "inclusion_prefixes": [
                      "knowledge"
                    ]
                  }
                ],
                "salesforce_configuration": [],
                "share_point_configuration": [],
                "type": "S3",
                "web_configuration": []
              }
            ],
            "data_source_id": "HUH5YXKYM6",
            "description": null,
            "id": "HUH5YXKYM6,D7URQWVQKO",
            "knowledge_base_id": "D7URQWVQKO",
            "name": "aws-s3-knowledge-chatbot-kb-s3",
            "region": "ap-northeast-1",
            "server_side_encryption_configuration": [],
            "timeouts": null,
            "vector_ingestion_configuration": [
              {
                "chunking_configuration": [
                  {
                    "chunking_strategy": "FIXED_SIZE",
                    "fixed_size_chunking_configuration": [
                      {
                        "max_tokens": 500,
                        "overlap_percentage": 50
                      }
                    ],
                    "hierarchical_chunking_configuration": [],
                    "semantic_chunking_configuration": []
                  }
                ],
                "custom_transformation_configuration": [],
                "parsing_configuration": []
              }
            ]
          },
          "sensitive_attributes": [],
          "identity_schema_version": 0,
          "dependencies": [
            "module.bedrock_knowledge_base.aws_bedrockagent_knowledge_base.main",
            "module.iam.aws_iam_role.kb_role",
            "module.iam.data.aws_iam_policy_document.kb_assume",
            "module.opensearch_serverless.aws_opensearchserverless_collection.vec",
            "module.opensearch_serverless.aws_opensearchserverless_security_policy.encryption",
            "module.opensearch_serverless.aws_opensearchserverless_security_policy.network",
            "module.s3_knowledge.aws_s3_bucket.main"
          ]
        }
      ]
    },
    {
      "module": "module.bedrock_knowledge_base",
      "mode": "managed",
      "type": "aws_bedrockagent_knowledge_base",
      "name": "main",
      "provider": "provider[\"registry.terraform.io/hashicorp/aws\"]",
      "instances": [
        {
          "schema_version": 0,
          "attributes": {
            "arn": "arn:aws:bedrock:ap-northeast-1:795090432220:knowledge-base/D7URQWVQKO",
            "created_at": "2025-10-21T08:59:08Z",
            "description": null,
            "failure_reasons": null,
            "id": "D7URQWVQKO",
            "knowledge_base_configuration": [
              {
                "type": "VECTOR",
                "vector_knowledge_base_configuration": [
                  {
                    "embedding_model_arn": "arn:aws:bedrock:ap-northeast-1::foundation-model/amazon.titan-embed-text-v2:0",
                    "embedding_model_configuration": [],
                    "supplemental_data_storage_configuration": []
                  }
                ]
              }
            ],
            "name": "aws-s3-knowledge-chatbot-kb",
            "region": "ap-northeast-1",
            "role_arn": "arn:aws:iam::795090432220:role/aws-s3-knowledge-chatbot-kb-role",
            "storage_configuration": [
              {
                "opensearch_serverless_configuration": [
                  {
                    "collection_arn": "arn:aws:aoss:ap-northeast-1:795090432220:collection/thmcze0xfdpdal4tbc4j",
                    "field_mapping": [
                      {
                        "metadata_field": "metadata",
                        "text_field": "text",
                        "vector_field": "vector"
                      }
                    ],
                    "vector_index_name": "knowledge-base-index"
                  }
                ],
                "pinecone_configuration": [],
                "rds_configuration": [],
                "redis_enterprise_cloud_configuration": [],
                "type": "OPENSEARCH_SERVERLESS"
              }
            ],
            "tags": null,
            "tags_all": {},
            "timeouts": null,
            "updated_at": "2025-10-21T08:59:08Z"
          },
          "sensitive_attributes": [],
          "identity_schema_version": 0,
          "dependencies": [
            "module.iam.aws_iam_role.kb_role",
            "module.iam.data.aws_iam_policy_document.kb_assume",
            "module.opensearch_serverless.aws_opensearchserverless_collection.vec",
            "module.opensearch_serverless.aws_opensearchserverless_security_policy.encryption",
            "module.opensearch_serverless.aws_opensearchserverless_security_policy.network"
          ]
        }
      ]
    },
    {
      "module": "module.cloud_watch",
      "mode": "managed",
      "type": "aws_cloudwatch_log_group",
      "name": "monitoring",
      "provider": "provider[\"registry.terraform.io/hashicorp/aws\"]",
      "instances": [
        {
          "schema_version": 0,
          "attributes": {
            "arn": "arn:aws:logs:ap-northeast-1:795090432220:log-group:/aws/bedrock/D7URQWVQKO",
            "id": "/aws/bedrock/D7URQWVQKO",
            "kms_key_id": "",
            "log_group_class": "STANDARD",
            "name": "/aws/bedrock/D7URQWVQKO",
            "name_prefix": "",
            "region": "ap-northeast-1",
            "retention_in_days": 30,
            "skip_destroy": false,
            "tags": {
              "Project": "aws-s3-knowledge-chatbot"
            },
            "tags_all": {
              "Project": "aws-s3-knowledge-chatbot"
            }
          },
          "sensitive_attributes": [],
          "identity_schema_version": 0,
          "identity": {
            "account_id": "795090432220",
            "name": "/aws/bedrock/D7URQWVQKO",
            "region": "ap-northeast-1"
          },
          "private": "bnVsbA==",
          "dependencies": [
            "module.bedrock_knowledge_base.aws_bedrockagent_knowledge_base.main",
            "module.iam.aws_iam_role.kb_role",
            "module.iam.data.aws_iam_policy_document.kb_assume",
            "module.opensearch_serverless.aws_opensearchserverless_collection.vec",
            "module.opensearch_serverless.aws_opensearchserverless_security_policy.encryption",
            "module.opensearch_serverless.aws_opensearchserverless_security_policy.network",
            "module.s3_knowledge.aws_s3_bucket.log_destination",
            "module.s3_knowledge.aws_s3_bucket.main",
            "module.s3_knowledge.aws_s3_bucket_public_access_block.log_destination_block",
            "module.s3_knowledge.aws_s3_bucket_public_access_block.main",
            "module.s3_knowledge.aws_s3_bucket_server_side_encryption_configuration.log_destination_encryption",
            "module.s3_knowledge.aws_s3_bucket_server_side_encryption_configuration.main",
            "module.s3_knowledge.aws_s3_bucket_versioning.log_destination_versioning",
            "module.s3_knowledge.aws_s3_bucket_versioning.main"
          ]
        }
      ]
    },
    {
      "module": "module.cloud_watch",
      "mode": "managed",
      "type": "aws_s3_bucket_logging",
      "name": "access_logs",
      "provider": "provider[\"registry.terraform.io/hashicorp/aws\"]",
      "instances": [
        {
          "index_key": "knowledge-chatbot-dev",
          "schema_version": 0,
          "attributes": {
            "bucket": "knowledge-chatbot-dev",
            "expected_bucket_owner": "",
            "id": "knowledge-chatbot-dev",
            "region": "ap-northeast-1",
            "target_bucket": "ykoba-access-logs-dev",
            "target_grant": [],
            "target_object_key_format": [],
            "target_prefix": "knowledge-chatbot-dev/access-logs/"
          },
          "sensitive_attributes": [],
          "identity_schema_version": 0,
          "identity": {
            "account_id": "795090432220",
            "bucket": "knowledge-chatbot-dev",
            "expected_bucket_owner": null,
            "region": "ap-northeast-1"
          },
          "private": "bnVsbA==",
          "dependencies": [
            "module.s3_knowledge.aws_s3_bucket.log_destination",
            "module.s3_knowledge.aws_s3_bucket.main",
            "module.s3_knowledge.aws_s3_bucket_public_access_block.log_destination_block",
            "module.s3_knowledge.aws_s3_bucket_public_access_block.main",
            "module.s3_knowledge.aws_s3_bucket_server_side_encryption_configuration.log_destination_encryption",
            "module.s3_knowledge.aws_s3_bucket_server_side_encryption_configuration.main",
            "module.s3_knowledge.aws_s3_bucket_versioning.log_destination_versioning",
            "module.s3_knowledge.aws_s3_bucket_versioning.main"
          ]
        }
      ]
    },
    {
      "module": "module.iam",
      "mode": "data",
      "type": "aws_iam_policy_document",
      "name": "kb_access",
      "provider": "provider[\"registry.terraform.io/hashicorp/aws\"]",
      "instances": [
        {
          "schema_version": 0,
          "attributes": {
            "id": "1356738347",
            "json": "{\n  \"Version\": \"2012-10-17\",\n  \"Statement\": [\n    {\n      \"Sid\": \"S3Read\",\n      \"Effect\": \"Allow\",\n      \"Action\": \"s3:ListBucket\",\n      \"Resource\": \"arn:aws:s3:::knowledge-chatbot-dev\"\n    },\n    {\n      \"Sid\": \"S3Get\",\n      \"Effect\": \"Allow\",\n      \"Action\": \"s3:GetObject\",\n      \"Resource\": \"arn:aws:s3:::knowledge-chatbot-dev/*\"\n    },\n    {\n      \"Sid\": \"AOSSApiAccess\",\n      \"Effect\": \"Allow\",\n      \"Action\": \"aoss:APIAccessAll\",\n      \"Resource\": \"*\"\n    }\n  ]\n}",
            "minified_json": "{\"Version\":\"2012-10-17\",\"Statement\":[{\"Sid\":\"S3Read\",\"Effect\":\"Allow\",\"Action\":\"s3:ListBucket\",\"Resource\":\"arn:aws:s3:::knowledge-chatbot-dev\"},{\"Sid\":\"S3Get\",\"Effect\":\"Allow\",\"Action\":\"s3:GetObject\",\"Resource\":\"arn:aws:s3:::knowledge-chatbot-dev/*\"},{\"Sid\":\"AOSSApiAccess\",\"Effect\":\"Allow\",\"Action\":\"aoss:APIAccessAll\",\"Resource\":\"*\"}]}",
            "override_json": null,
            "override_policy_documents": null,
            "policy_id": null,
            "source_json": null,
            "source_policy_documents": null,
            "statement": [
              {
                "actions": [
                  "s3:ListBucket"
                ],
                "condition": [],
                "effect": "Allow",
                "not_actions": [],
                "not_principals": [],
                "not_resources": [],
                "principals": [],
                "resources": [
                  "arn:aws:s3:::knowledge-chatbot-dev"
                ],
                "sid": "S3Read"
              },
              {
                "actions": [
                  "s3:GetObject"
                ],
                "condition": [],
                "effect": "Allow",
                "not_actions": [],
                "not_principals": [],
                "not_resources": [],
                "principals": [],
                "resources": [
                  "arn:aws:s3:::knowledge-chatbot-dev/*"
                ],
                "sid": "S3Get"
              },
              {
                "actions": [
                  "aoss:APIAccessAll"
                ],
                "condition": [],
                "effect": "Allow",
                "not_actions": [],
                "not_principals": [],
                "not_resources": [],
                "principals": [],
                "resources": [
                  "*"
                ],
                "sid": "AOSSApiAccess"
              }
            ],
            "version": "2012-10-17"
          },
          "sensitive_attributes": [],
          "identity_schema_version": 0
        }
      ]
    },
    {
      "module": "module.iam",
      "mode": "data",
      "type": "aws_iam_policy_document",
      "name": "kb_assume",
      "provider": "provider[\"registry.terraform.io/hashicorp/aws\"]",
      "instances": [
        {
          "schema_version": 0,
          "attributes": {
            "id": "3235918949",
            "json": "{\n  \"Version\": \"2012-10-17\",\n  \"Statement\": [\n    {\n      \"Effect\": \"Allow\",\n      \"Action\": \"sts:AssumeRole\",\n      \"Principal\": {\n        \"Service\": \"bedrock.amazonaws.com\"\n      }\n    }\n  ]\n}",
            "minified_json": "{\"Version\":\"2012-10-17\",\"Statement\":[{\"Effect\":\"Allow\",\"Action\":\"sts:AssumeRole\",\"Principal\":{\"Service\":\"bedrock.amazonaws.com\"}}]}",
            "override_json": null,
            "override_policy_documents": null,
            "policy_id": null,
            "source_json": null,
            "source_policy_documents": null,
            "statement": [
              {
                "actions": [
                  "sts:AssumeRole"
                ],
                "condition": [],
                "effect": "Allow",
                "not_actions": [],
                "not_principals": [],
                "not_resources": [],
                "principals": [
                  {
                    "identifiers": [
                      "bedrock.amazonaws.com"
                    ],
                    "type": "Service"
                  }
                ],
                "resources": [],
                "sid": ""
              }
            ],
            "version": "2012-10-17"
          },
          "sensitive_attributes": [],
          "identity_schema_version": 0
        }
      ]
    },
    {
      "module": "module.iam",
      "mode": "managed",
      "type": "aws_iam_policy",
      "name": "kb_access",
      "provider": "provider[\"registry.terraform.io/hashicorp/aws\"]",
      "instances": [
        {
          "schema_version": 0,
          "attributes": {
            "arn": "arn:aws:iam::795090432220:policy/aws-s3-knowledge-chatbot-kb-access",
            "attachment_count": 1,
            "description": "",
            "id": "arn:aws:iam::795090432220:policy/aws-s3-knowledge-chatbot-kb-access",
            "name": "aws-s3-knowledge-chatbot-kb-access",
            "name_prefix": "",
            "path": "/",
            "policy": "{\"Statement\":[{\"Action\":\"s3:ListBucket\",\"Effect\":\"Allow\",\"Resource\":\"arn:aws:s3:::knowledge-chatbot-dev\",\"Sid\":\"S3Read\"},{\"Action\":\"s3:GetObject\",\"Effect\":\"Allow\",\"Resource\":\"arn:aws:s3:::knowledge-chatbot-dev/*\",\"Sid\":\"S3Get\"},{\"Action\":\"aoss:APIAccessAll\",\"Effect\":\"Allow\",\"Resource\":\"*\",\"Sid\":\"AOSSApiAccess\"}],\"Version\":\"2012-10-17\"}",
            "policy_id": "ANPA3SHYVGDOMTGWRECGE",
            "tags": {},
            "tags_all": {}
          },
          "sensitive_attributes": [],
          "identity_schema_version": 0,
          "identity": {
            "arn": "arn:aws:iam::795090432220:policy/aws-s3-knowledge-chatbot-kb-access"
          },
          "private": "bnVsbA==",
          "dependencies": [
            "module.iam.data.aws_iam_policy_document.kb_access",
            "module.s3_knowledge.aws_s3_bucket.main"
          ]
        }
      ]
    },
    {
      "module": "module.iam",
      "mode": "managed",
      "type": "aws_iam_policy",
      "name": "oss_dashboard_access",
      "provider": "provider[\"registry.terraform.io/hashicorp/aws\"]",
      "instances": [
        {
          "schema_version": 0,
          "attributes": {
            "arn": "arn:aws:iam::795090432220:policy/opensearch-serverless-dashboard-access",
            "attachment_count": 0,
            "description": "Allow access to OpenSearch Serverless Dashboards and API",
            "id": "arn:aws:iam::795090432220:policy/opensearch-serverless-dashboard-access",
            "name": "opensearch-serverless-dashboard-access",
            "name_prefix": "",
            "path": "/",
            "policy": "{\"Statement\":[{\"Action\":[\"aoss:APIAccessAll\"],\"Effect\":\"Allow\",\"Resource\":\"arn:aws:aoss:ap-northeast-1:795090432220:collection/thmcze0xfdpdal4tbc4j\"},{\"Action\":[\"aoss:DashboardsAccessAll\"],\"Effect\":\"Allow\",\"Resource\":\"*\"}],\"Version\":\"2012-10-17\"}",
            "policy_id": "ANPA3SHYVGDOL2VE66AS4",
            "tags": {},
            "tags_all": {}
          },
          "sensitive_attributes": [],
          "identity_schema_version": 0,
          "identity": {
            "arn": "arn:aws:iam::795090432220:policy/opensearch-serverless-dashboard-access"
          },
          "private": "bnVsbA==",
          "dependencies": [
            "data.aws_caller_identity.me",
            "module.opensearch_serverless.aws_opensearchserverless_collection.vec",
            "module.opensearch_serverless.aws_opensearchserverless_security_policy.encryption",
            "module.opensearch_serverless.aws_opensearchserverless_security_policy.network"
          ]
        }
      ]
    },
    {
      "module": "module.iam",
      "mode": "managed",
      "type": "aws_iam_role",
      "name": "kb_role",
      "provider": "provider[\"registry.terraform.io/hashicorp/aws\"]",
      "instances": [
        {
          "schema_version": 0,
          "attributes": {
            "arn": "arn:aws:iam::795090432220:role/aws-s3-knowledge-chatbot-kb-role",
            "assume_role_policy": "{\"Statement\":[{\"Action\":\"sts:AssumeRole\",\"Effect\":\"Allow\",\"Principal\":{\"Service\":\"bedrock.amazonaws.com\"}}],\"Version\":\"2012-10-17\"}",
            "create_date": "2025-10-21T06:46:02Z",
            "description": "",
            "force_detach_policies": false,
            "id": "aws-s3-knowledge-chatbot-kb-role",
            "inline_policy": [],
            "managed_policy_arns": [
              "arn:aws:iam::795090432220:policy/aws-s3-knowledge-chatbot-kb-access"
            ],
            "max_session_duration": 3600,
            "name": "aws-s3-knowledge-chatbot-kb-role",
            "name_prefix": "",
            "path": "/",
            "permissions_boundary": "",
            "tags": {},
            "tags_all": {},
            "unique_id": "AROA3SHYVGDOLDFTNY4T2"
          },
          "sensitive_attributes": [],
          "identity_schema_version": 0,
          "identity": {
            "account_id": "795090432220",
            "name": "aws-s3-knowledge-chatbot-kb-role"
          },
          "private": "bnVsbA==",
          "dependencies": [
            "module.iam.data.aws_iam_policy_document.kb_assume"
          ]
        }
      ]
    },
    {
      "module": "module.iam",
      "mode": "managed",
      "type": "aws_iam_role_policy_attachment",
      "name": "attach",
      "provider": "provider[\"registry.terraform.io/hashicorp/aws\"]",
      "instances": [
        {
          "schema_version": 0,
          "attributes": {
            "id": "aws-s3-knowledge-chatbot-kb-role/arn:aws:iam::795090432220:policy/aws-s3-knowledge-chatbot-kb-access",
            "policy_arn": "arn:aws:iam::795090432220:policy/aws-s3-knowledge-chatbot-kb-access",
            "role": "aws-s3-knowledge-chatbot-kb-role"
          },
          "sensitive_attributes": [],
          "identity_schema_version": 0,
          "identity": {
            "account_id": "795090432220",
            "policy_arn": "arn:aws:iam::795090432220:policy/aws-s3-knowledge-chatbot-kb-access",
            "role": "aws-s3-knowledge-chatbot-kb-role"
          },
          "private": "bnVsbA==",
          "dependencies": [
            "module.iam.aws_iam_policy.kb_access",
            "module.iam.aws_iam_role.kb_role",
            "module.iam.data.aws_iam_policy_document.kb_access",
            "module.iam.data.aws_iam_policy_document.kb_assume",
            "module.s3_knowledge.aws_s3_bucket.main"
          ]
        }
      ]
    },
    {
      "module": "module.opensearch_serverless",
      "mode": "managed",
      "type": "aws_opensearchserverless_access_policy",
      "name": "access_policy",
      "provider": "provider[\"registry.terraform.io/hashicorp/aws\"]",
      "instances": [
        {
          "schema_version": 0,
          "attributes": {
            "description": "Access control for OpenSearch Serverless",
            "id": "knowledge-oss-access",
            "name": "knowledge-oss-access",
            "policy": "[{\"Description\":\"Data access for OpenSearch Serverless (setup)\",\"Principal\":[\"arn:aws:iam::795090432220:user/ykoba\",\"arn:aws:iam::795090432220:role/aws-s3-knowledge-chatbot-kb-role\"],\"Rules\":[{\"Permission\":[\"aoss:DescribeCollectionItems\",\"aoss:CreateCollectionItems\",\"aoss:UpdateCollectionItems\",\"aoss:DeleteCollectionItems\"],\"Resource\":[\"collection/knowledge-dev\"],\"ResourceType\":\"collection\"},{\"Permission\":[\"aoss:CreateIndex\",\"aoss:UpdateIndex\",\"aoss:DescribeIndex\",\"aoss:ReadDocument\",\"aoss:WriteDocument\",\"aoss:DeleteIndex\",\"aoss:RestoreSnapshot\",\"aoss:DescribeSnapshot\"],\"Resource\":[\"index/knowledge-dev/*\"],\"ResourceType\":\"index\"}]}]",
            "policy_version": "MTc2MTAzNjc1MjMyOV8y",
            "region": "ap-northeast-1",
            "type": "data"
          },
          "sensitive_attributes": [],
          "identity_schema_version": 0,
          "dependencies": [
            "data.aws_caller_identity.me",
            "module.iam.aws_iam_role.kb_role",
            "module.iam.data.aws_iam_policy_document.kb_assume"
          ]
        }
      ]
    },
    {
      "module": "module.opensearch_serverless",
      "mode": "managed",
      "type": "aws_opensearchserverless_collection",
      "name": "vec",
      "provider": "provider[\"registry.terraform.io/hashicorp/aws\"]",
      "instances": [
        {
          "schema_version": 0,
          "attributes": {
            "arn": "arn:aws:aoss:ap-northeast-1:795090432220:collection/thmcze0xfdpdal4tbc4j",
            "collection_endpoint": "https://thmcze0xfdpdal4tbc4j.ap-northeast-1.aoss.amazonaws.com",
            "dashboard_endpoint": "https://thmcze0xfdpdal4tbc4j.ap-northeast-1.aoss.amazonaws.com/_dashboards",
            "description": null,
            "id": "thmcze0xfdpdal4tbc4j",
            "kms_key_arn": "auto",
            "name": "knowledge-dev",
            "region": "ap-northeast-1",
            "standby_replicas": "ENABLED",
            "tags": null,
            "tags_all": {},
            "timeouts": null,
            "type": "VECTORSEARCH"
          },
          "sensitive_attributes": [],
          "identity_schema_version": 0,
          "dependencies": [
            "module.opensearch_serverless.aws_opensearchserverless_security_policy.encryption",
            "module.opensearch_serverless.aws_opensearchserverless_security_policy.network"
          ]
        }
      ]
    },
    {
      "module": "module.opensearch_serverless",
      "mode": "managed",
      "type": "aws_opensearchserverless_security_policy",
      "name": "encryption",
      "provider": "provider[\"registry.terraform.io/hashicorp/aws\"]",
      "instances": [
        {
          "schema_version": 0,
          "attributes": {
            "description": null,
            "id": "knowledge-oss-encryption",
            "name": "knowledge-oss-encryption",
            "policy": "{\"AWSOwnedKey\":true,\"Rules\":[{\"Resource\":[\"collection/knowledge-dev\"],\"ResourceType\":\"collection\"}]}",
            "policy_version": "MTc2MTAyOTE2MTkzNV8x",
            "region": "ap-northeast-1",
            "type": "encryption"
          },
          "sensitive_attributes": [],
          "identity_schema_version": 0
        }
      ]
    },
    {
      "module": "module.opensearch_serverless",
      "mode": "managed",
      "type": "aws_opensearchserverless_security_policy",
      "name": "network",
      "provider": "provider[\"registry.terraform.io/hashicorp/aws\"]",
      "instances": [
        {
          "schema_version": 0,
          "attributes": {
            "description": null,
            "id": "knowledge-oss-network",
            "name": "knowledge-oss-network",
            "policy": "[{\"AllowFromPublic\":true,\"Description\":\"PoC: allow public access to the collection\",\"Rules\":[{\"Resource\":[\"collection/knowledge-dev\"],\"ResourceType\":\"collection\"},{\"Resource\":[\"collection/knowledge-dev\"],\"ResourceType\":\"dashboard\"}]}]",
            "policy_version": "MTc2MTAzNjEyMzgxNV80",
            "region": "ap-northeast-1",
            "type": "network"
          },
          "sensitive_attributes": [],
          "identity_schema_version": 0
        }
      ]
    },
    {
      "module": "module.s3_knowledge",
      "mode": "managed",
      "type": "aws_s3_bucket",
      "name": "log_destination",
      "provider": "provider[\"registry.terraform.io/hashicorp/aws\"]",
      "instances": [
        {
          "schema_version": 0,
          "attributes": {
            "acceleration_status": "",
            "acl": null,
            "arn": "arn:aws:s3:::ykoba-access-logs-dev",
            "bucket": "ykoba-access-logs-dev",
            "bucket_domain_name": "ykoba-access-logs-dev.s3.amazonaws.com",
            "bucket_prefix": "",
            "bucket_region": "ap-northeast-1",
            "bucket_regional_domain_name": "ykoba-access-logs-dev.s3.ap-northeast-1.amazonaws.com",
            "cors_rule": [],
            "force_destroy": false,
            "grant": [
              {
                "id": "93c32ec345e1dd2bc30059333413281da2d98f05ebdafd978f800d46fa503f0d",
                "permissions": [
                  "FULL_CONTROL"
                ],
                "type": "CanonicalUser",
                "uri": ""
              }
            ],
            "hosted_zone_id": "Z2M4EHUR26P7ZW",
            "id": "ykoba-access-logs-dev",
            "lifecycle_rule": [],
            "logging": [],
            "object_lock_configuration": [],
            "object_lock_enabled": false,
            "policy": "",
            "region": "ap-northeast-1",
            "replication_configuration": [],
            "request_payer": "BucketOwner",
            "server_side_encryption_configuration": [
              {
                "rule": [
                  {
                    "apply_server_side_encryption_by_default": [
                      {
                        "kms_master_key_id": "",
                        "sse_algorithm": "AES256"
                      }
                    ],
                    "bucket_key_enabled": false
                  }
                ]
              }
            ],
            "tags": {},
            "tags_all": {},
            "timeouts": null,
            "versioning": [
              {
                "enabled": false,
                "mfa_delete": false
              }
            ],
            "website": [],
            "website_domain": null,
            "website_endpoint": null
          },
          "sensitive_attributes": [],
          "identity_schema_version": 0,
          "identity": {
            "account_id": "795090432220",
            "bucket": "ykoba-access-logs-dev",
            "region": "ap-northeast-1"
          },
          "private": "eyJlMmJmYjczMC1lY2FhLTExZTYtOGY4OC0zNDM2M2JjN2M0YzAiOnsiY3JlYXRlIjoxMjAwMDAwMDAwMDAwLCJkZWxldGUiOjM2MDAwMDAwMDAwMDAsInJlYWQiOjEyMDAwMDAwMDAwMDAsInVwZGF0ZSI6MTIwMDAwMDAwMDAwMH19"
        }
      ]
    },
    {
      "module": "module.s3_knowledge",
      "mode": "managed",
      "type": "aws_s3_bucket",
      "name": "main",
      "provider": "provider[\"registry.terraform.io/hashicorp/aws\"]",
      "instances": [
        {
          "schema_version": 0,
          "attributes": {
            "acceleration_status": "",
            "acl": null,
            "arn": "arn:aws:s3:::knowledge-chatbot-dev",
            "bucket": "knowledge-chatbot-dev",
            "bucket_domain_name": "knowledge-chatbot-dev.s3.amazonaws.com",
            "bucket_prefix": "",
            "bucket_region": "ap-northeast-1",
            "bucket_regional_domain_name": "knowledge-chatbot-dev.s3.ap-northeast-1.amazonaws.com",
            "cors_rule": [],
            "force_destroy": false,
            "grant": [
              {
                "id": "93c32ec345e1dd2bc30059333413281da2d98f05ebdafd978f800d46fa503f0d",
                "permissions": [
                  "FULL_CONTROL"
                ],
                "type": "CanonicalUser",
                "uri": ""
              }
            ],
            "hosted_zone_id": "Z2M4EHUR26P7ZW",
            "id": "knowledge-chatbot-dev",
            "lifecycle_rule": [],
            "logging": [
              {
                "target_bucket": "ykoba-access-logs-dev",
                "target_prefix": "knowledge-chatbot-dev/access-logs/"
              }
            ],
            "object_lock_configuration": [],
            "object_lock_enabled": false,
            "policy": "",
            "region": "ap-northeast-1",
            "replication_configuration": [],
            "request_payer": "BucketOwner",
            "server_side_encryption_configuration": [
              {
                "rule": [
                  {
                    "apply_server_side_encryption_by_default": [
                      {
                        "kms_master_key_id": "",
                        "sse_algorithm": "AES256"
                      }
                    ],
                    "bucket_key_enabled": false
                  }
                ]
              }
            ],
            "tags": {},
            "tags_all": {},
            "timeouts": null,
            "versioning": [
              {
                "enabled": true,
                "mfa_delete": false
              }
            ],
            "website": [],
            "website_domain": null,
            "website_endpoint": null
          },
          "sensitive_attributes": [],
          "identity_schema_version": 0,
          "identity": {
            "account_id": "795090432220",
            "bucket": "knowledge-chatbot-dev",
            "region": "ap-northeast-1"
          },
          "private": "eyJlMmJmYjczMC1lY2FhLTExZTYtOGY4OC0zNDM2M2JjN2M0YzAiOnsiY3JlYXRlIjoxMjAwMDAwMDAwMDAwLCJkZWxldGUiOjM2MDAwMDAwMDAwMDAsInJlYWQiOjEyMDAwMDAwMDAwMDAsInVwZGF0ZSI6MTIwMDAwMDAwMDAwMH19"
        }
      ]
    },
    {
      "module": "module.s3_knowledge",
      "mode": "managed",
      "type": "aws_s3_bucket_public_access_block",
      "name": "log_destination_block",
      "provider": "provider[\"registry.terraform.io/hashicorp/aws\"]",
      "instances": [
        {
          "schema_version": 0,
          "attributes": {
            "block_public_acls": true,
            "block_public_policy": true,
            "bucket": "ykoba-access-logs-dev",
            "id": "ykoba-access-logs-dev",
            "ignore_public_acls": true,
            "region": "ap-northeast-1",
            "restrict_public_buckets": true,
            "skip_destroy": null
          },
          "sensitive_attributes": [],
          "identity_schema_version": 0,
          "identity": {
            "account_id": "795090432220",
            "bucket": "ykoba-access-logs-dev",
            "region": "ap-northeast-1"
          },
          "private": "bnVsbA==",
          "dependencies": [
            "module.s3_knowledge.aws_s3_bucket.log_destination"
          ]
        }
      ]
    },
    {
      "module": "module.s3_knowledge",
      "mode": "managed",
      "type": "aws_s3_bucket_public_access_block",
      "name": "main",
      "provider": "provider[\"registry.terraform.io/hashicorp/aws\"]",
      "instances": [
        {
          "schema_version": 0,
          "attributes": {
            "block_public_acls": true,
            "block_public_policy": true,
            "bucket": "knowledge-chatbot-dev",
            "id": "knowledge-chatbot-dev",
            "ignore_public_acls": true,
            "region": "ap-northeast-1",
            "restrict_public_buckets": true,
            "skip_destroy": null
          },
          "sensitive_attributes": [],
          "identity_schema_version": 0,
          "identity": {
            "account_id": "795090432220",
            "bucket": "knowledge-chatbot-dev",
            "region": "ap-northeast-1"
          },
          "private": "bnVsbA==",
          "dependencies": [
            "module.s3_knowledge.aws_s3_bucket.main"
          ]
        }
      ]
    },
    {
      "module": "module.s3_knowledge",
      "mode": "managed",
      "type": "aws_s3_bucket_server_side_encryption_configuration",
      "name": "log_destination_encryption",
      "provider": "provider[\"registry.terraform.io/hashicorp/aws\"]",
      "instances": [
        {
          "schema_version": 0,
          "attributes": {
            "bucket": "ykoba-access-logs-dev",
            "expected_bucket_owner": "",
            "id": "ykoba-access-logs-dev",
            "region": "ap-northeast-1",
            "rule": [
              {
                "apply_server_side_encryption_by_default": [
                  {
                    "kms_master_key_id": "",
                    "sse_algorithm": "AES256"
                  }
                ],
                "bucket_key_enabled": false
              }
            ]
          },
          "sensitive_attributes": [],
          "identity_schema_version": 0,
          "identity": {
            "account_id": "795090432220",
            "bucket": "ykoba-access-logs-dev",
            "expected_bucket_owner": null,
            "region": "ap-northeast-1"
          },
          "private": "bnVsbA==",
          "dependencies": [
            "module.s3_knowledge.aws_s3_bucket.log_destination"
          ]
        }
      ]
    },
    {
      "module": "module.s3_knowledge",
      "mode": "managed",
      "type": "aws_s3_bucket_server_side_encryption_configuration",
      "name": "main",
      "provider": "provider[\"registry.terraform.io/hashicorp/aws\"]",
      "instances": [
        {
          "schema_version": 0,
          "attributes": {
            "bucket": "knowledge-chatbot-dev",
            "expected_bucket_owner": "",
            "id": "knowledge-chatbot-dev",
            "region": "ap-northeast-1",
            "rule": [
              {
                "apply_server_side_encryption_by_default": [
                  {
                    "kms_master_key_id": "",
                    "sse_algorithm": "AES256"
                  }
                ],
                "bucket_key_enabled": false
              }
            ]
          },
          "sensitive_attributes": [],
          "identity_schema_version": 0,
          "identity": {
            "account_id": "795090432220",
            "bucket": "knowledge-chatbot-dev",
            "expected_bucket_owner": null,
            "region": "ap-northeast-1"
          },
          "private": "bnVsbA==",
          "dependencies": [
            "module.s3_knowledge.aws_s3_bucket.main"
          ]
        }
      ]
    },
    {
      "module": "module.s3_knowledge",
      "mode": "managed",
      "type": "aws_s3_bucket_versioning",
      "name": "log_destination_versioning",
      "provider": "provider[\"registry.terraform.io/hashicorp/aws\"]",
      "instances": [
        {
          "schema_version": 0,
          "attributes": {
            "bucket": "ykoba-access-logs-dev",
            "expected_bucket_owner": "",
            "id": "ykoba-access-logs-dev",
            "mfa": null,
            "region": "ap-northeast-1",
            "versioning_configuration": [
              {
                "mfa_delete": "",
                "status": "Suspended"
              }
            ]
          },
          "sensitive_attributes": [],
          "identity_schema_version": 0,
          "identity": {
            "account_id": "795090432220",
            "bucket": "ykoba-access-logs-dev",
            "expected_bucket_owner": null,
            "region": "ap-northeast-1"
          },
          "private": "bnVsbA==",
          "dependencies": [
            "module.s3_knowledge.aws_s3_bucket.log_destination"
          ]
        }
      ]
    },
    {
      "module": "module.s3_knowledge",
      "mode": "managed",
      "type": "aws_s3_bucket_versioning",
      "name": "main",
      "provider": "provider[\"registry.terraform.io/hashicorp/aws\"]",
      "instances": [
        {
          "schema_version": 0,
          "attributes": {
            "bucket": "knowledge-chatbot-dev",
            "expected_bucket_owner": "",
            "id": "knowledge-chatbot-dev",
            "mfa": null,
            "region": "ap-northeast-1",
            "versioning_configuration": [
              {
                "mfa_delete": "",
                "status": "Enabled"
              }
            ]
          },
          "sensitive_attributes": [],
          "identity_schema_version": 0,
          "identity": {
            "account_id": "795090432220",
            "bucket": "knowledge-chatbot-dev",
            "expected_bucket_owner": null,
            "region": "ap-northeast-1"
          },
          "private": "bnVsbA==",
          "dependencies": [
            "module.s3_knowledge.aws_s3_bucket.main"
          ]
        }
      ]
    }
  ],
  "check_results": [
    {
      "object_kind": "var",
      "config_addr": "module.opensearch_serverless.var.principals",
      "status": "pass",
      "objects": [
        {
          "object_addr": "module.opensearch_serverless.var.principals",
          "status": "pass"
        }
      ]
    }
  ]
}
